
Microsoft Visual Studio Solution File, Format Version 12.00
# Visual Studio Version 16
VisualStudioVersion = 16.0.31424.327
MinimumVisualStudioVersion = 10.0.40219.1
Project("{FAE04EC0-301F-11D3-BF4B-00C04F79EFBC}") = "Entidades", "Entidades\Entidades.csproj", "{2143795F-CE3E-46E5-BCBC-8497D75989BD}"
EndProject
Project("{FAE04EC0-301F-11D3-BF4B-00C04F79EFBC}") = "MiCalculadora", "MiCalculadora\MiCalculadora.csproj", "{BAD17B02-CF47-4F03-8CC0-2E43EB21EEC1}"
EndProject
Global
	GlobalSection(SolutionConfigurationPlatforms) = preSolution
		Debug|Any CPU = Debug|Any CPU
		Release|Any CPU = Release|Any CPU
	EndGlobalSection
	GlobalSection(ProjectConfigurationPlatforms) = postSolution
		{2143795F-CE3E-46E5-BCBC-8497D75989BD}.Debug|Any CPU.ActiveCfg = Debug|Any CPU
		{2143795F-CE3E-46E5-BCBC-8497D75989BD}.Debug|Any CPU.Build.0 = Debug|Any CPU
		{2143795F-CE3E-46E5-BCBC-8497D75989BD}.Release|Any CPU.ActiveCfg = Release|Any CPU
		{2143795F-CE3E-46E5-BCBC-8497D75989BD}.Release|Any CPU.Build.0 = Release|Any CPU
		{BAD17B02-CF47-4F03-8CC0-2E43EB21EEC1}.Debug|Any CPU.ActiveCfg = Debug|Any CPU
		{BAD17B02-CF47-4F03-8CC0-2E43EB21EEC1}.Debug|Any CPU.Build.0 = Debug|Any CPU
		{BAD17B02-CF47-4F03-8CC0-2E43EB21EEC1}.Release|Any CPU.ActiveCfg = Release|Any CPU
		{BAD17B02-CF47-4F03-8CC0-2E43EB21EEC1}.Release|Any CPU.Build.0 = Release|Any CPU
	EndGlobalSection
	GlobalSection(SolutionProperties) = preSolution
		HideSolutionNode = FALSE
	EndGlobalSection
	GlobalSection(ExtensibilityGlobals) = postSolution
		SolutionGuid = {01D7A8F1-B287-4A6D-BEDD-E35FD8F6E812}
	EndGlobalSection
EndGlobal
